# This file is automatically @generated by Cargo.
# It is not intended for manual editing.
[[package]]
name = "arrayvec"
version = "0.5.2"
source = "registry+https://github.com/rust-lang/crates.io-index"
checksum = "23b62fc65de8e4e7f52534fb52b0f3ed04746ae267519eef2a83941e8085068b"

[[package]]
name = "chai"
version = "0.1.0"
dependencies = [
 "utf8-chars",
]

[[package]]
name = "utf8-chars"
version = "1.0.2"
source = "registry+https://github.com/rust-lang/crates.io-index"
checksum = "c1348d8face79d019be7cbc0198e36bf93e160ddbfaa7bb54c9592627b9ec841"
dependencies = [
 "arrayvec",
]
